// !$*UTF8*$!
{
	archiveVersion = 1;
	classes = {
	};
	objectVersion = 56;
	objects = {

/* Begin PBXBuildFile section */
		D001A43629F3C5F2005A0426 /* AppDelegate.swift in Sources */ = {isa = PBXBuildFile; fileRef = D001A43529F3C5F2005A0426 /* AppDelegate.swift */; };
		D001A43829F3C5F2005A0426 /* SceneDelegate.swift in Sources */ = {isa = PBXBuildFile; fileRef = D001A43729F3C5F2005A0426 /* SceneDelegate.swift */; };
		D001A43A29F3C5F2005A0426 /* ViewController.swift in Sources */ = {isa = PBXBuildFile; fileRef = D001A43929F3C5F2005A0426 /* ViewController.swift */; };
		D001A43D29F3C5F2005A0426 /* Main.storyboard in Resources */ = {isa = PBXBuildFile; fileRef = D001A43B29F3C5F2005A0426 /* Main.storyboard */; };
		D001A43F29F3C5F3005A0426 /* Assets.xcassets in Resources */ = {isa = PBXBuildFile; fileRef = D001A43E29F3C5F3005A0426 /* Assets.xcassets */; };
		D001A44229F3C5F3005A0426 /* LaunchScreen.storyboard in Resources */ = {isa = PBXBuildFile; fileRef = D001A44029F3C5F3005A0426 /* LaunchScreen.storyboard */; };
		D001A44A29F530D9005A0426 /* AlbumModel.swift in Sources */ = {isa = PBXBuildFile; fileRef = D001A44929F530D9005A0426 /* AlbumModel.swift */; };
		D001A44C29F534D4005A0426 /* SearchDTO.swift in Sources */ = {isa = PBXBuildFile; fileRef = D001A44B29F534D4005A0426 /* SearchDTO.swift */; };
		D001A44E29F54D81005A0426 /* AlbumViewCell.swift in Sources */ = {isa = PBXBuildFile; fileRef = D001A44D29F54D81005A0426 /* AlbumViewCell.swift */; };
		D001A45129F56EC3005A0426 /* Kingfisher in Frameworks */ = {isa = PBXBuildFile; productRef = D001A45029F56EC3005A0426 /* Kingfisher */; };
		D001A45329F66DDC005A0426 /* DetailsViewController.swift in Sources */ = {isa = PBXBuildFile; fileRef = D001A45229F66DDC005A0426 /* DetailsViewController.swift */; };
/* End PBXBuildFile section */

/* Begin PBXFileReference section */
		D001A43229F3C5F2005A0426 /* SwiftySpotify.app */ = {isa = PBXFileReference; explicitFileType = wrapper.application; includeInIndex = 0; path = SwiftySpotify.app; sourceTree = BUILT_PRODUCTS_DIR; };
		D001A43529F3C5F2005A0426 /* AppDelegate.swift */ = {isa = PBXFileReference; lastKnownFileType = sourcecode.swift; path = AppDelegate.swift; sourceTree = "<group>"; };
		D001A43729F3C5F2005A0426 /* SceneDelegate.swift */ = {isa = PBXFileReference; lastKnownFileType = sourcecode.swift; path = SceneDelegate.swift; sourceTree = "<group>"; };
		D001A43929F3C5F2005A0426 /* ViewController.swift */ = {isa = PBXFileReference; lastKnownFileType = sourcecode.swift; path = ViewController.swift; sourceTree = "<group>"; };
		D001A43C29F3C5F2005A0426 /* Base */ = {isa = PBXFileReference; lastKnownFileType = file.storyboard; name = Base; path = Base.lproj/Main.storyboard; sourceTree = "<group>"; };
		D001A43E29F3C5F3005A0426 /* Assets.xcassets */ = {isa = PBXFileReference; lastKnownFileType = folder.assetcatalog; path = Assets.xcassets; sourceTree = "<group>"; };
		D001A44129F3C5F3005A0426 /* Base */ = {isa = PBXFileReference; lastKnownFileType = file.storyboard; name = Base; path = Base.lproj/LaunchScreen.storyboard; sourceTree = "<group>"; };
		D001A44329F3C5F3005A0426 /* Info.plist */ = {isa = PBXFileReference; lastKnownFileType = text.plist.xml; path = Info.plist; sourceTree = "<group>"; };
		D001A44929F530D9005A0426 /* AlbumModel.swift */ = {isa = PBXFileReference; lastKnownFileType = sourcecode.swift; path = AlbumModel.swift; sourceTree = "<group>"; };
		D001A44B29F534D4005A0426 /* SearchDTO.swift */ = {isa = PBXFileReference; lastKnownFileType = sourcecode.swift; path = SearchDTO.swift; sourceTree = "<group>"; };
		D001A44D29F54D81005A0426 /* AlbumViewCell.swift */ = {isa = PBXFileReference; lastKnownFileType = sourcecode.swift; path = AlbumViewCell.swift; sourceTree = "<group>"; };
		D001A45229F66DDC005A0426 /* DetailsViewController.swift */ = {isa = PBXFileReference; lastKnownFileType = sourcecode.swift; path = DetailsViewController.swift; sourceTree = "<group>"; };
/* End PBXFileReference section */

/* Begin PBXFrameworksBuildPhase section */
		D001A42F29F3C5F2005A0426 /* Frameworks */ = {
			isa = PBXFrameworksBuildPhase;
			buildActionMask = 2147483647;
			files = (
				D001A45129F56EC3005A0426 /* Kingfisher in Frameworks */,
			);
			runOnlyForDeploymentPostprocessing = 0;
		};
/* End PBXFrameworksBuildPhase section */

/* Begin PBXGroup section */
		D001A42929F3C5F2005A0426 = {
			isa = PBXGroup;
			children = (
				D001A43429F3C5F2005A0426 /* SwiftySpotify */,
				D001A43329F3C5F2005A0426 /* Products */,
			);
			sourceTree = "<group>";
		};
		D001A43329F3C5F2005A0426 /* Products */ = {
			isa = PBXGroup;
			children = (
				D001A43229F3C5F2005A0426 /* SwiftySpotify.app */,
			);
			name = Products;
			sourceTree = "<group>";
		};
		D001A43429F3C5F2005A0426 /* SwiftySpotify */ = {
			isa = PBXGroup;
			children = (
				D001A43529F3C5F2005A0426 /* AppDelegate.swift */,
				D001A44D29F54D81005A0426 /* AlbumViewCell.swift */,
				D001A43729F3C5F2005A0426 /* SceneDelegate.swift */,
				D001A45229F66DDC005A0426 /* DetailsViewController.swift */,
				D001A43929F3C5F2005A0426 /* ViewController.swift */,
				D001A44929F530D9005A0426 /* AlbumModel.swift */,
				D001A43B29F3C5F2005A0426 /* Main.storyboard */,
				D001A43E29F3C5F3005A0426 /* Assets.xcassets */,
				D001A44029F3C5F3005A0426 /* LaunchScreen.storyboard */,
				D001A44329F3C5F3005A0426 /* Info.plist */,
				D001A44B29F534D4005A0426 /* SearchDTO.swift */,
			);
			path = SwiftySpotify;
			sourceTree = "<group>";
		};
/* End PBXGroup section */

/* Begin PBXNativeTarget section */
		D001A43129F3C5F2005A0426 /* SwiftySpotify */ = {
			isa = PBXNativeTarget;
			buildConfigurationList = D001A44629F3C5F3005A0426 /* Build configuration list for PBXNativeTarget "SwiftySpotify" */;
			buildPhases = (
				D001A42E29F3C5F2005A0426 /* Sources */,
				D001A42F29F3C5F2005A0426 /* Frameworks */,
				D001A43029F3C5F2005A0426 /* Resources */,
			);
			buildRules = (
			);
			dependencies = (
			);
			name = SwiftySpotify;
			packageProductDependencies = (
				D001A45029F56EC3005A0426 /* Kingfisher */,
			);
			productName = SwiftySpotify;
			productReference = D001A43229F3C5F2005A0426 /* SwiftySpotify.app */;
			productType = "com.apple.product-type.application";
		};
/* End PBXNativeTarget section */

/* Begin PBXProject section */
		D001A42A29F3C5F2005A0426 /* Project object */ = {
			isa = PBXProject;
			attributes = {
				BuildIndependentTargetsInParallel = 1;
				LastSwiftUpdateCheck = 1430;
				LastUpgradeCheck = 1430;
				TargetAttributes = {
					D001A43129F3C5F2005A0426 = {
						CreatedOnToolsVersion = 14.3;
					};
				};
			};
			buildConfigurationList = D001A42D29F3C5F2005A0426 /* Build configuration list for PBXProject "SwiftySpotify" */;
			compatibilityVersion = "Xcode 14.0";
			developmentRegion = en;
			hasScannedForEncodings = 0;
			knownRegions = (
				en,
				Base,
			);
			mainGroup = D001A42929F3C5F2005A0426;
			packageReferences = (
				D001A44F29F56EC3005A0426 /* XCRemoteSwiftPackageReference "Kingfisher" */,
			);
			productRefGroup = D001A43329F3C5F2005A0426 /* Products */;
			projectDirPath = "";
			projectRoot = "";
			targets = (
				D001A43129F3C5F2005A0426 /* SwiftySpotify */,
			);
		};
/* End PBXProject section */

/* Begin PBXResourcesBuildPhase section */
		D001A43029F3C5F2005A0426 /* Resources */ = {
			isa = PBXResourcesBuildPhase;
			buildActionMask = 2147483647;
			files = (
				D001A44229F3C5F3005A0426 /* LaunchScreen.storyboard in Resources */,
				D001A43F29F3C5F3005A0426 /* Assets.xcassets in Resources */,
				D001A43D29F3C5F2005A0426 /* Main.storyboard in Resources */,
			);
			runOnlyForDeploymentPostprocessing = 0;
		};
/* End PBXResourcesBuildPhase section */

/* Begin PBXSourcesBuildPhase section */
		D001A42E29F3C5F2005A0426 /* Sources */ = {
			isa = PBXSourcesBuildPhase;
			buildActionMask = 2147483647;
			files = (
				D001A44C29F534D4005A0426 /* SearchDTO.swift in Sources */,
				D001A43A29F3C5F2005A0426 /* ViewController.swift in Sources */,
				D001A44E29F54D81005A0426 /* AlbumViewCell.swift in Sources */,
				D001A44A29F530D9005A0426 /* AlbumModel.swift in Sources */,
				D001A45329F66DDC005A0426 /* DetailsViewController.swift in Sources */,
				D001A43629F3C5F2005A0426 /* AppDelegate.swift in Sources */,
				D001A43829F3C5F2005A0426 /* SceneDelegate.swift in Sources */,
			);
			runOnlyForDeploymentPostprocessing = 0;
		};
/* End PBXSourcesBuildPhase section */

/* Begin PBXVariantGroup section */
		D001A43B29F3C5F2005A0426 /* Main.storyboard */ = {
			isa = PBXVariantGroup;
			children = (
				D001A43C29F3C5F2005A0426 /* Base */,
			);
			name = Main.storyboard;
			sourceTree = "<group>";
		};
		D001A44029F3C5F3005A0426 /* LaunchScreen.storyboard */ = {
			isa = PBXVariantGroup;
			children = (
				D001A44129F3C5F3005A0426 /* Base */,
			);
			name = LaunchScreen.storyboard;
			sourceTree = "<group>";
		};
/* End PBXVariantGroup section */

/* Begin XCBuildConfiguration section */
		D001A44429F3C5F3005A0426 /* Debug */ = {
			isa = XCBuildConfiguration;
			buildSettings = {
				ALWAYS_SEARCH_USER_PATHS = NO;
				CLANG_ANALYZER_NONNULL = YES;
				CLANG_ANALYZER_NUMBER_OBJECT_CONVERSION = YES_AGGRESSIVE;
				CLANG_CXX_LANGUAGE_STANDARD = "gnu++20";
				CLANG_ENABLE_MODULES = YES;
				CLANG_ENABLE_OBJC_ARC = YES;
				CLANG_ENABLE_OBJC_WEAK = YES;
				CLANG_WARN_BLOCK_CAPTURE_AUTORELEASING = YES;
				CLANG_WARN_BOOL_CONVERSION = YES;
				CLANG_WARN_COMMA = YES;
				CLANG_WARN_CONSTANT_CONVERSION = YES;
				CLANG_WARN_DEPRECATED_OBJC_IMPLEMENTATIONS = YES;
				CLANG_WARN_DIRECT_OBJC_ISA_USAGE = YES_ERROR;
				CLANG_WARN_DOCUMENTATION_COMMENTS = YES;
				CLANG_WARN_EMPTY_BODY = YES;
				CLANG_WARN_ENUM_CONVERSION = YES;
				CLANG_WARN_INFINITE_RECURSION = YES;
				CLANG_WARN_INT_CONVERSION = YES;
				CLANG_WARN_NON_LITERAL_NULL_CONVERSION = YES;
				CLANG_WARN_OBJC_IMPLICIT_RETAIN_SELF = YES;
				CLANG_WARN_OBJC_LITERAL_CONVERSION = YES;
				CLANG_WARN_OBJC_ROOT_CLASS = YES_ERROR;
				CLANG_WARN_QUOTED_INCLUDE_IN_FRAMEWORK_HEADER = YES;
				CLANG_WARN_RANGE_LOOP_ANALYSIS = YES;
				CLANG_WARN_STRICT_PROTOTYPES = YES;
				CLANG_WARN_SUSPICIOUS_MOVE = YES;
				CLANG_WARN_UNGUARDED_AVAILABILITY = YES_AGGRESSIVE;
				CLANG_WARN_UNREACHABLE_CODE = YES;
				CLANG_WARN__DUPLICATE_METHOD_MATCH = YES;
				COPY_PHASE_STRIP = NO;
				DEBUG_INFORMATION_FORMAT = dwarf;
				ENABLE_STRICT_OBJC_MSGSEND = YES;
				ENABLE_TESTABILITY = YES;
				GCC_C_LANGUAGE_STANDARD = gnu11;
				GCC_DYNAMIC_NO_PIC = NO;
				GCC_NO_COMMON_BLOCKS = YES;
				GCC_OPTIMIZATION_LEVEL = 0;
				GCC_PREPROCESSOR_DEFINITIONS = (
					"DEBUG=1",
					"$(inherited)",
				);
				GCC_WARN_64_TO_32_BIT_CONVERSION = YES;
				GCC_WARN_ABOUT_RETURN_TYPE = YES_ERROR;
				GCC_WARN_UNDECLARED_SELECTOR = YES;
				GCC_WARN_UNINITIALIZED_AUTOS = YES_AGGRESSIVE;
				GCC_WARN_UNUSED_FUNCTION = YES;
				GCC_WARN_UNUSED_VARIABLE = YES;
				IPHONEOS_DEPLOYMENT_TARGET = 16.4;
				MTL_ENABLE_DEBUG_INFO = INCLUDE_SOURCE;
				MTL_FAST_MATH = YES;
				ONLY_ACTIVE_ARCH = YES;
				SDKROOT = iphoneos;
				SWIFT_ACTIVE_COMPILATION_CONDITIONS = DEBUG;
				SWIFT_OPTIMIZATION_LEVEL = "-Onone";
			};
			name = Debug;
		};
		D001A44529F3C5F3005A0426 /* Release */ = {
			isa = XCBuildConfiguration;
			buildSettings = {
				ALWAYS_SEARCH_USER_PATHS = NO;
				CLANG_ANALYZER_NONNULL = YES;
				CLANG_ANALYZER_NUMBER_OBJECT_CONVERSION = YES_AGGRESSIVE;
				CLANG_CXX_LANGUAGE_STANDARD = "gnu++20";
				CLANG_ENABLE_MODULES = YES;
				CLANG_ENABLE_OBJC_ARC = YES;
				CLANG_ENABLE_OBJC_WEAK = YES;
				CLANG_WARN_BLOCK_CAPTURE_AUTORELEASING = YES;
				CLANG_WARN_BOOL_CONVERSION = YES;
				CLANG_WARN_COMMA = YES;
				CLANG_WARN_CONSTANT_CONVERSION = YES;
				CLANG_WARN_DEPRECATED_OBJC_IMPLEMENTATIONS = YES;
				CLANG_WARN_DIRECT_OBJC_ISA_USAGE = YES_ERROR;
				CLANG_WARN_DOCUMENTATION_COMMENTS = YES;
				CLANG_WARN_EMPTY_BODY = YES;
				CLANG_WARN_ENUM_CONVERSION = YES;
				CLANG_WARN_INFINITE_RECURSION = YES;
				CLANG_WARN_INT_CONVERSION = YES;
				CLANG_WARN_NON_LITERAL_NULL_CONVERSION = YES;
				CLANG_WARN_OBJC_IMPLICIT_RETAIN_SELF = YES;
				CLANG_WARN_OBJC_LITERAL_CONVERSION = YES;
				CLANG_WARN_OBJC_ROOT_CLASS = YES_ERROR;
				CLANG_WARN_QUOTED_INCLUDE_IN_FRAMEWORK_HEADER = YES;
				CLANG_WARN_RANGE_LOOP_ANALYSIS = YES;
				CLANG_WARN_STRICT_PROTOTYPES = YES;
				CLANG_WARN_SUSPICIOUS_MOVE = YES;
				CLANG_WARN_UNGUARDED_AVAILABILITY = YES_AGGRESSIVE;
				CLANG_WARN_UNREACHABLE_CODE = YES;
				CLANG_WARN__DUPLICATE_METHOD_MATCH = YES;
				COPY_PHASE_STRIP = NO;
				DEBUG_INFORMATION_FORMAT = "dwarf-with-dsym";
				ENABLE_NS_ASSERTIONS = NO;
				ENABLE_STRICT_OBJC_MSGSEND = YES;
				GCC_C_LANGUAGE_STANDARD = gnu11;
				GCC_NO_COMMON_BLOCKS = YES;
				GCC_WARN_64_TO_32_BIT_CONVERSION = YES;
				GCC_WARN_ABOUT_RETURN_TYPE = YES_ERROR;
				GCC_WARN_UNDECLARED_SELECTOR = YES;
				GCC_WARN_UNINITIALIZED_AUTOS = YES_AGGRESSIVE;
				GCC_WARN_UNUSED_FUNCTION = YES;
				GCC_WARN_UNUSED_VARIABLE = YES;
				IPHONEOS_DEPLOYMENT_TARGET = 16.4;
				MTL_ENABLE_DEBUG_INFO = NO;
				MTL_FAST_MATH = YES;
				SDKROOT = iphoneos;
				SWIFT_COMPILATION_MODE = wholemodule;
				SWIFT_OPTIMIZATION_LEVEL = "-O";
				VALIDATE_PRODUCT = YES;
			};
			name = Release;
		};
		D001A44729F3C5F3005A0426 /* Debug */ = {
			isa = XCBuildConfiguration;
			buildSettings = {
				ASSETCATALOG_COMPILER_APPICON_NAME = AppIcon;
				ASSETCATALOG_COMPILER_GLOBAL_ACCENT_COLOR_NAME = AccentColor;
				CODE_SIGN_STYLE = Automatic;
				CURRENT_PROJECT_VERSION = 1;
				DEVELOPMENT_TEAM = XUYG7TPG2C;
				GENERATE_INFOPLIST_FILE = YES;
				INFOPLIST_FILE = SwiftySpotify/Info.plist;
				INFOPLIST_KEY_UIApplicationSupportsIndirectInputEvents = YES;
				INFOPLIST_KEY_UILaunchStoryboardName = LaunchScreen;
				INFOPLIST_KEY_UIMainStoryboardFile = Main;
				INFOPLIST_KEY_UISupportedInterfaceOrientations_iPad = "UIInterfaceOrientationPortrait UIInterfaceOrientationPortraitUpsideDown UIInterfaceOrientationLandscapeLeft UIInterfaceOrientationLandscapeRight";
				INFOPLIST_KEY_UISupportedInterfaceOrientations_iPhone = "UIInterfaceOrientationPortrait UIInterfaceOrientationLandscapeLeft UIInterfaceOrientationLandscapeRight";
				LD_RUNPATH_SEARCH_PATHS = (
					"$(inherited)",
					"@executable_path/Frameworks",
				);
				MARKETING_VERSION = 1.0;
				PRODUCT_BUNDLE_IDENTIFIER = me.bolotska.maryna.SwiftySpotify;
				PRODUCT_NAME = "$(TARGET_NAME)";
				SWIFT_EMIT_LOC_STRINGS = YES;
				SWIFT_VERSION = 5.0;
				TARGETED_DEVICE_FAMILY = "1,2";
			};
			name = Debug;
		};
		D001A44829F3C5F3005A0426 /* Release */ = {
			isa = XCBuildConfiguration;
			buildSettings = {
				ASSETCATALOG_COMPILER_APPICON_NAME = AppIcon;
				ASSETCATALOG_COMPILER_GLOBAL_ACCENT_COLOR_NAME = AccentColor;
				CODE_SIGN_STYLE = Automatic;
				CURRENT_PROJECT_VERSION = 1;
				DEVELOPMENT_TEAM = XUYG7TPG2C;
				GENERATE_INFOPLIST_FILE = YES;
				INFOPLIST_FILE = SwiftySpotify/Info.plist;
				INFOPLIST_KEY_UIApplicationSupportsIndirectInputEvents = YES;
				INFOPLIST_KEY_UILaunchStoryboardName = LaunchScreen;
				INFOPLIST_KEY_UIMainStoryboardFile = Main;
				INFOPLIST_KEY_UISupportedInterfaceOrientations_iPad = "UIInterfaceOrientationPortrait UIInterfaceOrientationPortraitUpsideDown UIInterfaceOrientationLandscapeLeft UIInterfaceOrientationLandscapeRight";
				INFOPLIST_KEY_UISupportedInterfaceOrientations_iPhone = "UIInterfaceOrientationPortrait UIInterfaceOrientationLandscapeLeft UIInterfaceOrientationLandscapeRight";
				LD_RUNPATH_SEARCH_PATHS = (
					"$(inherited)",
					"@executable_path/Frameworks",
				);
				MARKETING_VERSION = 1.0;
				PRODUCT_BUNDLE_IDENTIFIER = me.bolotska.maryna.SwiftySpotify;
				PRODUCT_NAME = "$(TARGET_NAME)";
				SWIFT_EMIT_LOC_STRINGS = YES;
				SWIFT_VERSION = 5.0;
				TARGETED_DEVICE_FAMILY = "1,2";
			};
			name = Release;
		};
/* End XCBuildConfiguration section */

/* Begin XCConfigurationList section */
		D001A42D29F3C5F2005A0426 /* Build configuration list for PBXProject "SwiftySpotify" */ = {
			isa = XCConfigurationList;
			buildConfigurations = (
				D001A44429F3C5F3005A0426 /* Debug */,
				D001A44529F3C5F3005A0426 /* Release */,
			);
			defaultConfigurationIsVisible = 0;
			defaultConfigurationName = Release;
		};
		D001A44629F3C5F3005A0426 /* Build configuration list for PBXNativeTarget "SwiftySpotify" */ = {
			isa = XCConfigurationList;
			buildConfigurations = (
				D001A44729F3C5F3005A0426 /* Debug */,
				D001A44829F3C5F3005A0426 /* Release */,
			);
			defaultConfigurationIsVisible = 0;
			defaultConfigurationName = Release;
		};
/* End XCConfigurationList section */

/* Begin XCRemoteSwiftPackageReference section */
		D001A44F29F56EC3005A0426 /* XCRemoteSwiftPackageReference "Kingfisher" */ = {
			isa = XCRemoteSwiftPackageReference;
			repositoryURL = "https://github.com/onevcat/Kingfisher.git";
			requirement = {
				kind = upToNextMajorVersion;
				minimumVersion = 7.0.0;
			};
		};
/* End XCRemoteSwiftPackageReference section */

/* Begin XCSwiftPackageProductDependency section */
		D001A45029F56EC3005A0426 /* Kingfisher */ = {
			isa = XCSwiftPackageProductDependency;
			package = D001A44F29F56EC3005A0426 /* XCRemoteSwiftPackageReference "Kingfisher" */;
			productName = Kingfisher;
		};
/* End XCSwiftPackageProductDependency section */
	};
	rootObject = D001A42A29F3C5F2005A0426 /* Project object */;
}
